
Microsoft Visual Studio Solution File, Format Version 12.00
# Visual Studio Version 17
VisualStudioVersion = 17.14.36212.18
MinimumVisualStudioVersion = 10.0.40219.1
Project("{FAE04EC0-301F-11D3-BF4B-00C04F79EFBC}") = "FormatLog", "FormatLog\FormatLog.csproj", "{C1DF4428-D45E-419B-9DE6-AF12FD07D4A4}"
EndProject
Project("{FAE04EC0-301F-11D3-BF4B-00C04F79EFBC}") = "DemoWPF", "DemoWPF\DemoWPF.csproj", "{8AB788CD-7B4C-473D-A26F-D142A36D33FE}"
EndProject
Project("{2150E333-8FDC-42A3-9474-1A3956D46DE8}") = "解决方案项", "解决方案项", "{9FA3D6BD-1EC1-3BA5-80CB-CE02773A58D5}"
	ProjectSection(SolutionItems) = preProject
		README.md = README.md
	EndProjectSection
EndProject
Global
	GlobalSection(SolutionConfigurationPlatforms) = preSolution
		Debug|Any CPU = Debug|Any CPU
		Release|Any CPU = Release|Any CPU
	EndGlobalSection
	GlobalSection(ProjectConfigurationPlatforms) = postSolution
		{C1DF4428-D45E-419B-9DE6-AF12FD07D4A4}.Debug|Any CPU.ActiveCfg = Debug|Any CPU
		{C1DF4428-D45E-419B-9DE6-AF12FD07D4A4}.Debug|Any CPU.Build.0 = Debug|Any CPU
		{C1DF4428-D45E-419B-9DE6-AF12FD07D4A4}.Release|Any CPU.ActiveCfg = Release|Any CPU
		{C1DF4428-D45E-419B-9DE6-AF12FD07D4A4}.Release|Any CPU.Build.0 = Release|Any CPU
		{8AB788CD-7B4C-473D-A26F-D142A36D33FE}.Debug|Any CPU.ActiveCfg = Debug|Any CPU
		{8AB788CD-7B4C-473D-A26F-D142A36D33FE}.Debug|Any CPU.Build.0 = Debug|Any CPU
		{8AB788CD-7B4C-473D-A26F-D142A36D33FE}.Release|Any CPU.ActiveCfg = Release|Any CPU
		{8AB788CD-7B4C-473D-A26F-D142A36D33FE}.Release|Any CPU.Build.0 = Release|Any CPU
	EndGlobalSection
	GlobalSection(SolutionProperties) = preSolution
		HideSolutionNode = FALSE
	EndGlobalSection
	GlobalSection(ExtensibilityGlobals) = postSolution
		SolutionGuid = {44BAA63A-7BE3-4C49-9BF7-A0CB2CB33C2A}
	EndGlobalSection
EndGlobal
