
Microsoft Visual Studio Solution File, Format Version 12.00
# Visual Studio Version 17
VisualStudioVersion = 17.14.36212.18
MinimumVisualStudioVersion = 10.0.40219.1
Project("{FAE04EC0-301F-11D3-BF4B-00C04F79EFBC}") = "FormatLog", "FormatLog\FormatLog.csproj", "{C1DF4428-D45E-419B-9DE6-AF12FD07D4A4}"
EndProject
Project("{FAE04EC0-301F-11D3-BF4B-00C04F79EFBC}") = "Demo", "Demo\Demo.csproj", "{3E19FFE6-6E9D-490A-B4F7-A67E916E0E82}"
EndProject
Global
	GlobalSection(SolutionConfigurationPlatforms) = preSolution
		Debug|Any CPU = Debug|Any CPU
		Release|Any CPU = Release|Any CPU
	EndGlobalSection
	GlobalSection(ProjectConfigurationPlatforms) = postSolution
		{C1DF4428-D45E-419B-9DE6-AF12FD07D4A4}.Debug|Any CPU.ActiveCfg = Debug|Any CPU
		{C1DF4428-D45E-419B-9DE6-AF12FD07D4A4}.Debug|Any CPU.Build.0 = Debug|Any CPU
		{C1DF4428-D45E-419B-9DE6-AF12FD07D4A4}.Release|Any CPU.ActiveCfg = Release|Any CPU
		{C1DF4428-D45E-419B-9DE6-AF12FD07D4A4}.Release|Any CPU.Build.0 = Release|Any CPU
		{3E19FFE6-6E9D-490A-B4F7-A67E916E0E82}.Debug|Any CPU.ActiveCfg = Debug|Any CPU
		{3E19FFE6-6E9D-490A-B4F7-A67E916E0E82}.Debug|Any CPU.Build.0 = Debug|Any CPU
		{3E19FFE6-6E9D-490A-B4F7-A67E916E0E82}.Release|Any CPU.ActiveCfg = Release|Any CPU
		{3E19FFE6-6E9D-490A-B4F7-A67E916E0E82}.Release|Any CPU.Build.0 = Release|Any CPU
	EndGlobalSection
	GlobalSection(SolutionProperties) = preSolution
		HideSolutionNode = FALSE
	EndGlobalSection
	GlobalSection(ExtensibilityGlobals) = postSolution
		SolutionGuid = {44BAA63A-7BE3-4C49-9BF7-A0CB2CB33C2A}
	EndGlobalSection
EndGlobal
